// !$*UTF8*$!
{
	archiveVersion = 1;
	classes = {
	};
	objectVersion = 42;
	objects = {

/* Begin PBXBuildFile section */
		7813D6590726FCD0004036F1 /* motion-effect.icns in Resources */ = {isa = PBXBuildFile; fileRef = 7813D6580726FCD0004036F1 /* motion-effect.icns */; };
		78AA5F590711C15500392C23 /* LayerLinkPlugin.m in Sources */ = {isa = PBXBuildFile; fileRef = 78AA5F570711C15500392C23 /* LayerLinkPlugin.m */; };
		78AA61A20712087C00392C23 /* AboutView.h in Headers */ = {isa = PBXBuildFile; fileRef = 78AA61410712028200392C23 /* AboutView.h */; };
		78AA61A30712087D00392C23 /* AboutView.m in Sources */ = {isa = PBXBuildFile; fileRef = 78AA61420712028200392C23 /* AboutView.m */; };
		78AA61A40712088700392C23 /* LayerLinkPlugin.h in Headers */ = {isa = PBXBuildFile; fileRef = 78AA5F560711C15500392C23 /* LayerLinkPlugin.h */; };
		8D5B49B4048680CD000E48DA /* Cocoa.framework in Frameworks */ = {isa = PBXBuildFile; fileRef = 1058C7ADFEA557BF11CA2CBB /* Cocoa.framework */; };
		8EA1D29108390F0A00E9D4F7 /* LayerLinkPlugin_Install_Prefix.pch in Headers */ = {isa = PBXBuildFile; fileRef = 8E488B150826D2AD0081EE25 /* LayerLinkPlugin_Install_Prefix.pch */; };
		8EB5AFF108174FDB00BDEB07 /* version.plist in CopyFiles */ = {isa = PBXBuildFile; fileRef = 7860BA510732B7FE009A4BF0 /* version.plist */; };
		8EF57EA3084242620085A980 /* LayerLinkPluginTable.strings in Resources */ = {isa = PBXBuildFile; fileRef = 8EF57EA1084242620085A980 /* LayerLinkPluginTable.strings */; };
		8EFA49CD08442BA700D22EC1 /* Info.plist in Resources */ = {isa = PBXBuildFile; fileRef = 8EF57E3D08422F310085A980 /* Info.plist */; };
/* End PBXBuildFile section */

/* Begin PBXCopyFilesBuildPhase section */
		8EFA49BB0843EF1800D22EC1 /* CopyFiles */ = {
			isa = PBXCopyFilesBuildPhase;
			buildActionMask = 2147483647;
			dstPath = Contents;
			dstSubfolderSpec = 1;
			files = (
				8EB5AFF108174FDB00BDEB07 /* version.plist in CopyFiles */,
			);
			runOnlyForDeploymentPostprocessing = 0;
		};
/* End PBXCopyFilesBuildPhase section */

/* Begin PBXFileReference section */
		089C1672FE841209C02AAC07 /* Foundation.framework */ = {isa = PBXFileReference; lastKnownFileType = wrapper.framework; name = Foundation.framework; path = /System/Library/Frameworks/Foundation.framework; sourceTree = "<absolute>"; };
		089C167EFE841241C02AAC07 /* English */ = {isa = PBXFileReference; fileEncoding = 10; lastKnownFileType = text.plist.strings; name = English; path = English.lproj/InfoPlist.strings; sourceTree = "<group>"; };
		089C167FFE841241C02AAC07 /* AppKit.framework */ = {isa = PBXFileReference; lastKnownFileType = wrapper.framework; name = AppKit.framework; path = /System/Library/Frameworks/AppKit.framework; sourceTree = "<absolute>"; };
		1058C7ADFEA557BF11CA2CBB /* Cocoa.framework */ = {isa = PBXFileReference; lastKnownFileType = wrapper.framework; name = Cocoa.framework; path = /System/Library/Frameworks/Cocoa.framework; sourceTree = "<absolute>"; };
		32DBCF630370AF2F00C91783 /* LayerLinkPlugin_Prefix.pch */ = {isa = PBXFileReference; fileEncoding = 4; lastKnownFileType = sourcecode.c.h; path = LayerLinkPlugin_Prefix.pch; sourceTree = "<group>"; };
		7813D6580726FCD0004036F1 /* motion-effect.icns */ = {isa = PBXFileReference; lastKnownFileType = image.icns; path = "motion-effect.icns"; sourceTree = "<group>"; };
		7860BA510732B7FE009A4BF0 /* version.plist */ = {isa = PBXFileReference; fileEncoding = 30; lastKnownFileType = text.xml; path = version.plist; sourceTree = "<group>"; };
		78AA5F560711C15500392C23 /* LayerLinkPlugin.h */ = {isa = PBXFileReference; fileEncoding = 4; lastKnownFileType = sourcecode.c.h; path = LayerLinkPlugin.h; sourceTree = "<group>"; };
		78AA5F570711C15500392C23 /* LayerLinkPlugin.m */ = {isa = PBXFileReference; fileEncoding = 4; lastKnownFileType = sourcecode.c.objc; path = LayerLinkPlugin.m; sourceTree = "<group>"; wrapsLines = 1; };
		78AA61410712028200392C23 /* AboutView.h */ = {isa = PBXFileReference; fileEncoding = 30; lastKnownFileType = sourcecode.c.h; path = AboutView.h; sourceTree = "<group>"; };
		78AA61420712028200392C23 /* AboutView.m */ = {isa = PBXFileReference; fileEncoding = 30; lastKnownFileType = sourcecode.c.objc; path = AboutView.m; sourceTree = "<group>"; };
		8D5B49B6048680CD000E48DA /* LayerLink.bundle */ = {isa = PBXFileReference; explicitFileType = wrapper.cfbundle; includeInIndex = 0; path = LayerLink.bundle; sourceTree = BUILT_PRODUCTS_DIR; };
		8D5B49B7048680CD000E48DA /* English */ = {isa = PBXFileReference; fileEncoding = 4; lastKnownFileType = text.xml; name = English; path = English.lproj/Info.plist; sourceTree = "<group>"; };
		8E488B150826D2AD0081EE25 /* LayerLinkPlugin_Install_Prefix.pch */ = {isa = PBXFileReference; fileEncoding = 4; lastKnownFileType = sourcecode.c.h; path = LayerLinkPlugin_Install_Prefix.pch; sourceTree = "<group>"; };
		8E9EC27708424CB300564CAC /* Japanese */ = {isa = PBXFileReference; lastKnownFileType = text.plist.strings; name = Japanese; path = Japanese.lproj/LayerLinkPluginTable.strings; sourceTree = "<group>"; };
		8EAEA810084242CB00994583 /* French */ = {isa = PBXFileReference; lastKnownFileType = text.plist.strings; name = French; path = French.lproj/LayerLinkPluginTable.strings; sourceTree = "<group>"; };
		8EAEA811084242D200994583 /* German */ = {isa = PBXFileReference; lastKnownFileType = text.plist.strings; name = German; path = German.lproj/LayerLinkPluginTable.strings; sourceTree = "<group>"; };
		8EF57E9C084241F80085A980 /* French */ = {isa = PBXFileReference; lastKnownFileType = text.xml; name = French; path = French.lproj/Info.plist; sourceTree = "<group>"; };
		8EF57EA0084242350085A980 /* German */ = {isa = PBXFileReference; lastKnownFileType = text.xml; name = German; path = German.lproj/Info.plist; sourceTree = "<group>"; };
		8EF57EA2084242620085A980 /* English */ = {isa = PBXFileReference; fileEncoding = 4; lastKnownFileType = text.plist.strings; name = English; path = English.lproj/LayerLinkPluginTable.strings; sourceTree = "<group>"; };
/* End PBXFileReference section */

/* Begin PBXFrameworksBuildPhase section */
		8D5B49B3048680CD000E48DA /* Frameworks */ = {
			isa = PBXFrameworksBuildPhase;
			buildActionMask = 2147483647;
			files = (
				8D5B49B4048680CD000E48DA /* Cocoa.framework in Frameworks */,
			);
			runOnlyForDeploymentPostprocessing = 0;
		};
/* End PBXFrameworksBuildPhase section */

/* Begin PBXGroup section */
		089C166AFE841209C02AAC07 /* LayerLinkPlugin */ = {
			isa = PBXGroup;
			children = (
				08FB77AFFE84173DC02AAC07 /* Classes */,
				32C88E010371C26100C91783 /* Other Sources */,
				089C167CFE841241C02AAC07 /* Resources */,
				089C1671FE841209C02AAC07 /* Frameworks and Libraries */,
				19C28FB8FE9D52D311CA2CBB /* Products */,
			);
			name = LayerLinkPlugin;
			sourceTree = "<group>";
		};
		089C1671FE841209C02AAC07 /* Frameworks and Libraries */ = {
			isa = PBXGroup;
			children = (
				1058C7ACFEA557BF11CA2CBB /* Linked Frameworks */,
				1058C7AEFEA557BF11CA2CBB /* Other Frameworks */,
			);
			name = "Frameworks and Libraries";
			sourceTree = "<group>";
		};
		089C167CFE841241C02AAC07 /* Resources */ = {
			isa = PBXGroup;
			children = (
				8EF57EA1084242620085A980 /* LayerLinkPluginTable.strings */,
				8EF57E3D08422F310085A980 /* Info.plist */,
				7860BA510732B7FE009A4BF0 /* version.plist */,
				089C167DFE841241C02AAC07 /* InfoPlist.strings */,
				7813D6580726FCD0004036F1 /* motion-effect.icns */,
			);
			name = Resources;
			sourceTree = "<group>";
		};
		08FB77AFFE84173DC02AAC07 /* Classes */ = {
			isa = PBXGroup;
			children = (
				78AA5F560711C15500392C23 /* LayerLinkPlugin.h */,
				78AA5F570711C15500392C23 /* LayerLinkPlugin.m */,
				78AA61410712028200392C23 /* AboutView.h */,
				78AA61420712028200392C23 /* AboutView.m */,
			);
			name = Classes;
			sourceTree = "<group>";
		};
		1058C7ACFEA557BF11CA2CBB /* Linked Frameworks */ = {
			isa = PBXGroup;
			children = (
				1058C7ADFEA557BF11CA2CBB /* Cocoa.framework */,
			);
			name = "Linked Frameworks";
			sourceTree = "<group>";
		};
		1058C7AEFEA557BF11CA2CBB /* Other Frameworks */ = {
			isa = PBXGroup;
			children = (
				089C1672FE841209C02AAC07 /* Foundation.framework */,
				089C167FFE841241C02AAC07 /* AppKit.framework */,
			);
			name = "Other Frameworks";
			sourceTree = "<group>";
		};
		19C28FB8FE9D52D311CA2CBB /* Products */ = {
			isa = PBXGroup;
			children = (
				8D5B49B6048680CD000E48DA /* LayerLink.bundle */,
			);
			name = Products;
			sourceTree = "<group>";
		};
		32C88E010371C26100C91783 /* Other Sources */ = {
			isa = PBXGroup;
			children = (
				8E488B150826D2AD0081EE25 /* LayerLinkPlugin_Install_Prefix.pch */,
				32DBCF630370AF2F00C91783 /* LayerLinkPlugin_Prefix.pch */,
			);
			name = "Other Sources";
			sourceTree = "<group>";
		};
/* End PBXGroup section */

/* Begin PBXHeadersBuildPhase section */
		8D5B49AD048680CD000E48DA /* Headers */ = {
			isa = PBXHeadersBuildPhase;
			buildActionMask = 2147483647;
			files = (
				78AA61A20712087C00392C23 /* AboutView.h in Headers */,
				78AA61A40712088700392C23 /* LayerLinkPlugin.h in Headers */,
				8EA1D29108390F0A00E9D4F7 /* LayerLinkPlugin_Install_Prefix.pch in Headers */,
			);
			runOnlyForDeploymentPostprocessing = 0;
		};
/* End PBXHeadersBuildPhase section */

/* Begin PBXNativeTarget section */
		8D5B49AC048680CD000E48DA /* LayerLink */ = {
			isa = PBXNativeTarget;
			buildConfigurationList = 8EE0F89109F20100002EF838 /* Build configuration list for PBXNativeTarget "LayerLink" */;
			buildPhases = (
				8D5B49AD048680CD000E48DA /* Headers */,
				8D5B49AF048680CD000E48DA /* Resources */,
				8D5B49B1048680CD000E48DA /* Sources */,
				8D5B49B3048680CD000E48DA /* Frameworks */,
				8D5B49B5048680CD000E48DA /* Rez */,
				8EF57E11084222E20085A980 /* Copy About Image */,
				8EFA49BB0843EF1800D22EC1 /* CopyFiles */,
			);
			buildRules = (
			);
			dependencies = (
			);
			name = LayerLink;
			productInstallPath = "$(HOME)/Library/Bundles";
			productName = LayerLinkPlugin;
			productReference = 8D5B49B6048680CD000E48DA /* LayerLink.bundle */;
			productType = "com.apple.product-type.bundle";
		};
/* End PBXNativeTarget section */

/* Begin PBXProject section */
		089C1669FE841209C02AAC07 /* Project object */ = {
			isa = PBXProject;
			buildConfigurationList = 8EE0F89609F20100002EF838 /* Build configuration list for PBXProject "LayerLinkPlugin" */;
			hasScannedForEncodings = 1;
			mainGroup = 089C166AFE841209C02AAC07 /* LayerLinkPlugin */;
			projectDirPath = "";
			targets = (
				8D5B49AC048680CD000E48DA /* LayerLink */,
			);
		};
/* End PBXProject section */

/* Begin PBXResourcesBuildPhase section */
		8D5B49AF048680CD000E48DA /* Resources */ = {
			isa = PBXResourcesBuildPhase;
			buildActionMask = 2147483647;
			files = (
				7813D6590726FCD0004036F1 /* motion-effect.icns in Resources */,
				8EF57EA3084242620085A980 /* LayerLinkPluginTable.strings in Resources */,
				8EFA49CD08442BA700D22EC1 /* Info.plist in Resources */,
			);
			runOnlyForDeploymentPostprocessing = 0;
		};
/* End PBXResourcesBuildPhase section */

/* Begin PBXRezBuildPhase section */
		8D5B49B5048680CD000E48DA /* Rez */ = {
			isa = PBXRezBuildPhase;
			buildActionMask = 2147483647;
			files = (
			);
			runOnlyForDeploymentPostprocessing = 0;
		};
/* End PBXRezBuildPhase section */

/* Begin PBXShellScriptBuildPhase section */
		8EF57E11084222E20085A980 /* Copy About Image */ = {
			isa = PBXShellScriptBuildPhase;
			buildActionMask = 2147483647;
			files = (
			);
			inputPaths = (
			);
			name = "Copy About Image";
			outputPaths = (
			);
			runOnlyForDeploymentPostprocessing = 0;
			shellPath = /usr/bin/ruby;
			shellScript = "if ENV['BUILD_STYLE'] == 'Deployment' || ENV['BUILD_STYLE'] == 'Development' then ABOUT_IMAGE = 'about-retail.png'\nelsif ENV['BUILD_STYLE'] == 'Deployment NFR' then ABOUT_IMAGE = 'about-nfr.png'\nend\n\n`cp \"$PROJECT_DIR/#{ABOUT_IMAGE}\" \"$TARGET_BUILD_DIR/$CONTENTS_FOLDER_PATH/Resources/about.png\"`\n";
		};
/* End PBXShellScriptBuildPhase section */

/* Begin PBXSourcesBuildPhase section */
		8D5B49B1048680CD000E48DA /* Sources */ = {
			isa = PBXSourcesBuildPhase;
			buildActionMask = 2147483647;
			files = (
				78AA5F590711C15500392C23 /* LayerLinkPlugin.m in Sources */,
				78AA61A30712087D00392C23 /* AboutView.m in Sources */,
			);
			runOnlyForDeploymentPostprocessing = 0;
		};
/* End PBXSourcesBuildPhase section */

/* Begin PBXVariantGroup section */
		089C167DFE841241C02AAC07 /* InfoPlist.strings */ = {
			isa = PBXVariantGroup;
			children = (
				089C167EFE841241C02AAC07 /* English */,
			);
			name = InfoPlist.strings;
			sourceTree = "<group>";
		};
		8EF57E3D08422F310085A980 /* Info.plist */ = {
			isa = PBXVariantGroup;
			children = (
				8D5B49B7048680CD000E48DA /* English */,
				8EF57E9C084241F80085A980 /* French */,
				8EF57EA0084242350085A980 /* German */,
			);
			name = Info.plist;
			sourceTree = "<group>";
		};
		8EF57EA1084242620085A980 /* LayerLinkPluginTable.strings */ = {
			isa = PBXVariantGroup;
			children = (
				8EF57EA2084242620085A980 /* English */,
				8EAEA810084242CB00994583 /* French */,
				8EAEA811084242D200994583 /* German */,
				8E9EC27708424CB300564CAC /* Japanese */,
			);
			name = LayerLinkPluginTable.strings;
			sourceTree = "<group>";
		};
/* End PBXVariantGroup section */

/* Begin XCBuildConfiguration section */
		8EE0F89209F20100002EF838 /* Development */ = {
			isa = XCBuildConfiguration;
			buildSettings = {
				COPY_PHASE_STRIP = NO;
				DEBUGGING_SYMBOLS = YES;
				FRAMEWORK_SEARCH_PATHS = "";
				GCC_DYNAMIC_NO_PIC = NO;
				GCC_ENABLE_FIX_AND_CONTINUE = YES;
				GCC_ENABLE_TRIGRAPHS = NO;
				GCC_GENERATE_DEBUGGING_SYMBOLS = YES;
				GCC_OPTIMIZATION_LEVEL = 0;
				GCC_PRECOMPILE_PREFIX_HEADER = YES;
				GCC_PREFIX_HEADER = LayerLinkPlugin_Prefix.pch;
				GCC_WARN_FOUR_CHARACTER_CONSTANTS = NO;
				GCC_WARN_UNKNOWN_PRAGMAS = NO;
				HEADER_SEARCH_PATHS = "";
				INFOPLIST_FILE = English.lproj/Info.plist;
				INSTALL_PATH = "$(HOME)/Library/Bundles";
				LIBRARY_SEARCH_PATHS = "";
				LIBRARY_STYLE = Bundle;
				MACOSX_DEPLOYMENT_TARGET_i386 = 10.4;
				MACOSX_DEPLOYMENT_TARGET_ppc = 10.3;
				OPTIMIZATION_CFLAGS = "-O0";
				OTHER_CFLAGS = "";
				OTHER_LDFLAGS = "";
				OTHER_REZFLAGS = "";
				PRODUCT_NAME = LayerLink;
				SDKROOT_i386 = /Developer/SDKs/MacOSX10.4u.sdk;
				SDKROOT_ppc = /Developer/SDKs/MacOSX10.3.9.sdk;
				SECTORDER_FLAGS = "";
				WARNING_CFLAGS = (
					"-Wmost",
					"-Wno-four-char-constants",
					"-Wno-unknown-pragmas",
				);
				WRAPPER_EXTENSION = bundle;
				ZERO_LINK = YES;
			};
			name = Development;
		};
		8EE0F89309F20100002EF838 /* Deployment */ = {
			isa = XCBuildConfiguration;
			buildSettings = {
				ARCHS = (
					ppc,
					i386,
				);
				COPY_PHASE_STRIP = YES;
				FRAMEWORK_SEARCH_PATHS = "";
				GCC_ENABLE_FIX_AND_CONTINUE = NO;
				GCC_ENABLE_TRIGRAPHS = NO;
				GCC_GENERATE_DEBUGGING_SYMBOLS = NO;
				GCC_PRECOMPILE_PREFIX_HEADER = YES;
				GCC_PREFIX_HEADER = LayerLinkPlugin_Install_Prefix.pch;
				GCC_WARN_FOUR_CHARACTER_CONSTANTS = NO;
				GCC_WARN_UNKNOWN_PRAGMAS = NO;
				HEADER_SEARCH_PATHS = "";
				INFOPLIST_FILE = English.lproj/Info.plist;
				INSTALL_PATH = "$(HOME)/Library/Bundles";
				LIBRARY_SEARCH_PATHS = "";
				LIBRARY_STYLE = Bundle;
				MACOSX_DEPLOYMENT_TARGET_i386 = 10.4;
				MACOSX_DEPLOYMENT_TARGET_ppc = 10.3;
				OTHER_CFLAGS = "";
				OTHER_LDFLAGS = "";
				OTHER_REZFLAGS = "";
				PRODUCT_NAME = LayerLink;
				SDKROOT_i386 = /Developer/SDKs/MacOSX10.4u.sdk;
				SDKROOT_ppc = /Developer/SDKs/MacOSX10.3.9.sdk;
				SECTORDER_FLAGS = "";
				WARNING_CFLAGS = (
					"-Wmost",
					"-Wno-four-char-constants",
					"-Wno-unknown-pragmas",
				);
				WRAPPER_EXTENSION = bundle;
				ZERO_LINK = NO;
			};
			name = Deployment;
		};
		8EE0F89409F20100002EF838 /* Deployment NFR */ = {
			isa = XCBuildConfiguration;
			buildSettings = {
				COPY_PHASE_STRIP = YES;
				FRAMEWORK_SEARCH_PATHS = "";
				GCC_ENABLE_FIX_AND_CONTINUE = NO;
				GCC_ENABLE_TRIGRAPHS = NO;
				GCC_GENERATE_DEBUGGING_SYMBOLS = NO;
				GCC_PRECOMPILE_PREFIX_HEADER = YES;
				GCC_PREFIX_HEADER = LayerLinkPlugin_Install_Prefix.pch;
				GCC_WARN_FOUR_CHARACTER_CONSTANTS = NO;
				GCC_WARN_UNKNOWN_PRAGMAS = NO;
				HEADER_SEARCH_PATHS = "";
				INFOPLIST_FILE = "";
				INSTALL_PATH = "$(HOME)/Library/Bundles";
				LIBRARY_SEARCH_PATHS = "";
				LIBRARY_STYLE = Bundle;
				OTHER_CFLAGS = "";
				OTHER_LDFLAGS = "";
				OTHER_REZFLAGS = "";
				PRODUCT_NAME = LayerLink;
				SECTORDER_FLAGS = "";
				WARNING_CFLAGS = (
					"-Wmost",
					"-Wno-four-char-constants",
					"-Wno-unknown-pragmas",
				);
				WRAPPER_EXTENSION = bundle;
				ZERO_LINK = NO;
			};
			name = "Deployment NFR";
		};
		8EE0F89509F20100002EF838 /* Default */ = {
			isa = XCBuildConfiguration;
			buildSettings = {
				FRAMEWORK_SEARCH_PATHS = "";
				GCC_ENABLE_TRIGRAPHS = NO;
				GCC_GENERATE_DEBUGGING_SYMBOLS = NO;
				GCC_PRECOMPILE_PREFIX_HEADER = YES;
				GCC_PREFIX_HEADER = "";
				GCC_WARN_FOUR_CHARACTER_CONSTANTS = NO;
				GCC_WARN_UNKNOWN_PRAGMAS = NO;
				HEADER_SEARCH_PATHS = "";
				INFOPLIST_FILE = English.lproj/Info.plist;
				INSTALL_PATH = "$(HOME)/Library/Bundles";
				LIBRARY_SEARCH_PATHS = "";
				LIBRARY_STYLE = Bundle;
				OTHER_CFLAGS = "";
				OTHER_LDFLAGS = "";
				OTHER_REZFLAGS = "";
				PRODUCT_NAME = LayerLink;
				SECTORDER_FLAGS = "";
				WARNING_CFLAGS = (
					"-Wmost",
					"-Wno-four-char-constants",
					"-Wno-unknown-pragmas",
				);
				WRAPPER_EXTENSION = bundle;
			};
			name = Default;
		};
		8EE0F89709F20100002EF838 /* Development */ = {
			isa = XCBuildConfiguration;
			buildSettings = {
				MACOSX_DEPLOYMENT_TARGET = 10.3;
				SDKROOT = /Developer/SDKs/MacOSX10.4u.sdk;
			};
			name = Development;
		};
		8EE0F89809F20100002EF838 /* Deployment */ = {
			isa = XCBuildConfiguration;
			buildSettings = {
				ARCHS = (
					"ppc,",
					i386,
				);
				MACOSX_DEPLOYMENT_TARGET = 10.3;
				SDKROOT = /Developer/SDKs/MacOSX10.4u.sdk;
			};
			name = Deployment;
		};
		8EE0F89909F20100002EF838 /* Deployment NFR */ = {
			isa = XCBuildConfiguration;
			buildSettings = {
				MACOSX_DEPLOYMENT_TARGET = 10.3;
				SDKROOT = /Developer/SDKs/MacOSX10.3.9.sdk;
			};
			name = "Deployment NFR";
		};
		8EE0F89A09F20100002EF838 /* Default */ = {
			isa = XCBuildConfiguration;
			buildSettings = {
				MACOSX_DEPLOYMENT_TARGET = 10.3;
				SDKROOT = /Developer/SDKs/MacOSX10.3.9.sdk;
			};
			name = Default;
		};
/* End XCBuildConfiguration section */

/* Begin XCConfigurationList section */
		8EE0F89109F20100002EF838 /* Build configuration list for PBXNativeTarget "LayerLink" */ = {
			isa = XCConfigurationList;
			buildConfigurations = (
				8EE0F89209F20100002EF838 /* Development */,
				8EE0F89309F20100002EF838 /* Deployment */,
				8EE0F89409F20100002EF838 /* Deployment NFR */,
				8EE0F89509F20100002EF838 /* Default */,
			);
			defaultConfigurationIsVisible = 0;
			defaultConfigurationName = Default;
		};
		8EE0F89609F20100002EF838 /* Build configuration list for PBXProject "LayerLinkPlugin" */ = {
			isa = XCConfigurationList;
			buildConfigurations = (
				8EE0F89709F20100002EF838 /* Development */,
				8EE0F89809F20100002EF838 /* Deployment */,
				8EE0F89909F20100002EF838 /* Deployment NFR */,
				8EE0F89A09F20100002EF838 /* Default */,
			);
			defaultConfigurationIsVisible = 0;
			defaultConfigurationName = Default;
		};
/* End XCConfigurationList section */
	};
	rootObject = 089C1669FE841209C02AAC07 /* Project object */;
}
